
Microsoft Visual Studio Solution File, Format Version 12.00
# Visual Studio 15
VisualStudioVersion = 15.0.26124.0
MinimumVisualStudioVersion = 15.0.26124.0
Project("{FAE04EC0-301F-11D3-BF4B-00C04F79EFBC}") = "NDC.Workshop.Server", "NDC.Workshop.Server\NDC.Workshop.Server.csproj", "{3BAF46F2-3952-4A15-8247-92761F84C42F}"
EndProject
Global
	GlobalSection(SolutionConfigurationPlatforms) = preSolution
		Debug|Any CPU = Debug|Any CPU
		Release|Any CPU = Release|Any CPU
	EndGlobalSection
	GlobalSection(ProjectConfigurationPlatforms) = postSolution
		{3BAF46F2-3952-4A15-8247-92761F84C42F}.Debug|Any CPU.ActiveCfg = Debug|Any CPU
		{3BAF46F2-3952-4A15-8247-92761F84C42F}.Debug|Any CPU.Build.0 = Debug|Any CPU
		{3BAF46F2-3952-4A15-8247-92761F84C42F}.Release|Any CPU.ActiveCfg = Release|Any CPU
		{3BAF46F2-3952-4A15-8247-92761F84C42F}.Release|Any CPU.Build.0 = Release|Any CPU
	EndGlobalSection
	GlobalSection(SolutionProperties) = preSolution
		HideSolutionNode = FALSE
	EndGlobalSection
	GlobalSection(ExtensibilityGlobals) = postSolution
		SolutionGuid = {7AEB53D2-A384-4BB6-B0CC-F48F21923E99}
	EndGlobalSection
EndGlobal
